// !$*UTF8*$!
{
	archiveVersion = 1;
	classes = {
	};
	objectVersion = 46;
	objects = {

/* Begin PBXBuildFile section */
		4225B7D31EB274060034BB28 /* GoogleService-Info.plist in Resources */ = {isa = PBXBuildFile; fileRef = 4225B7D21EB274060034BB28 /* GoogleService-Info.plist */; };
		4286B2951EA8FCBD00916C9E /* AppDelegate.swift in Sources */ = {isa = PBXBuildFile; fileRef = 4286B2941EA8FCBD00916C9E /* AppDelegate.swift */; };
		4286B29A1EA8FCBD00916C9E /* Main.storyboard in Resources */ = {isa = PBXBuildFile; fileRef = 4286B2981EA8FCBD00916C9E /* Main.storyboard */; };
		4286B29F1EA8FCBD00916C9E /* LaunchScreen.storyboard in Resources */ = {isa = PBXBuildFile; fileRef = 4286B29D1EA8FCBD00916C9E /* LaunchScreen.storyboard */; };
		5C7424BEF767C42C6990D24D /* Pods_PiRoom.framework in Frameworks */ = {isa = PBXBuildFile; fileRef = 07704FE4E6EC49B42619B25E /* Pods_PiRoom.framework */; };
		744B95E91EE0C25300A06F42 /* Assets.xcassets in Resources */ = {isa = PBXBuildFile; fileRef = 744B95E81EE0C25300A06F42 /* Assets.xcassets */; };
		7464500B1EE02DFB00AB575B /* DataServices.swift in Sources */ = {isa = PBXBuildFile; fileRef = 7464500A1EE02DFB00AB575B /* DataServices.swift */; };
		746450101EE02E1100AB575B /* Building.swift in Sources */ = {isa = PBXBuildFile; fileRef = 7464500C1EE02E1100AB575B /* Building.swift */; };
		746450111EE02E1100AB575B /* BuildingDataSource.swift in Sources */ = {isa = PBXBuildFile; fileRef = 7464500D1EE02E1100AB575B /* BuildingDataSource.swift */; };
		746450121EE02E1100AB575B /* Room.swift in Sources */ = {isa = PBXBuildFile; fileRef = 7464500E1EE02E1100AB575B /* Room.swift */; };
		7464501C1EE02E2300AB575B /* BuildingCell.swift in Sources */ = {isa = PBXBuildFile; fileRef = 746450141EE02E2300AB575B /* BuildingCell.swift */; };
		7464501D1EE02E2300AB575B /* BuildingImageView.swift in Sources */ = {isa = PBXBuildFile; fileRef = 746450151EE02E2300AB575B /* BuildingImageView.swift */; };
		7464501E1EE02E2300AB575B /* CapacityLabelView.swift in Sources */ = {isa = PBXBuildFile; fileRef = 746450161EE02E2300AB575B /* CapacityLabelView.swift */; };
		7464501F1EE02E2300AB575B /* RoomCell.swift in Sources */ = {isa = PBXBuildFile; fileRef = 746450171EE02E2300AB575B /* RoomCell.swift */; };
		746450201EE02E2300AB575B /* RoomCellView.swift in Sources */ = {isa = PBXBuildFile; fileRef = 746450181EE02E2300AB575B /* RoomCellView.swift */; };
		746450211EE02E2300AB575B /* RoomTableCellView.swift in Sources */ = {isa = PBXBuildFile; fileRef = 746450191EE02E2300AB575B /* RoomTableCellView.swift */; };
		746450221EE02E2300AB575B /* RoundView.swift in Sources */ = {isa = PBXBuildFile; fileRef = 7464501A1EE02E2300AB575B /* RoundView.swift */; };
		746450231EE02E2300AB575B /* TableCellView.swift in Sources */ = {isa = PBXBuildFile; fileRef = 7464501B1EE02E2300AB575B /* TableCellView.swift */; };
		746450261EE02E3400AB575B /* RoomViewController.swift in Sources */ = {isa = PBXBuildFile; fileRef = 746450241EE02E3400AB575B /* RoomViewController.swift */; };
		746450271EE02E3400AB575B /* ViewController.swift in Sources */ = {isa = PBXBuildFile; fileRef = 746450251EE02E3400AB575B /* ViewController.swift */; };
/* End PBXBuildFile section */

/* Begin PBXFileReference section */
		07704FE4E6EC49B42619B25E /* Pods_PiRoom.framework */ = {isa = PBXFileReference; explicitFileType = wrapper.framework; includeInIndex = 0; path = Pods_PiRoom.framework; sourceTree = BUILT_PRODUCTS_DIR; };
		4225B7D21EB274060034BB28 /* GoogleService-Info.plist */ = {isa = PBXFileReference; fileEncoding = 4; lastKnownFileType = text.plist.xml; name = "GoogleService-Info.plist"; path = "../GoogleService-Info.plist"; sourceTree = "<group>"; };
		4286B2911EA8FCBD00916C9E /* PiRoom.app */ = {isa = PBXFileReference; explicitFileType = wrapper.application; includeInIndex = 0; path = PiRoom.app; sourceTree = BUILT_PRODUCTS_DIR; };
		4286B2941EA8FCBD00916C9E /* AppDelegate.swift */ = {isa = PBXFileReference; lastKnownFileType = sourcecode.swift; path = AppDelegate.swift; sourceTree = "<group>"; };
		4286B2991EA8FCBD00916C9E /* Base */ = {isa = PBXFileReference; lastKnownFileType = file.storyboard; name = Base; path = Base.lproj/Main.storyboard; sourceTree = "<group>"; };
		4286B29E1EA8FCBD00916C9E /* Base */ = {isa = PBXFileReference; lastKnownFileType = file.storyboard; name = Base; path = Base.lproj/LaunchScreen.storyboard; sourceTree = "<group>"; };
		4286B2A01EA8FCBD00916C9E /* Info.plist */ = {isa = PBXFileReference; lastKnownFileType = text.plist.xml; path = Info.plist; sourceTree = "<group>"; };
		744B95E81EE0C25300A06F42 /* Assets.xcassets */ = {isa = PBXFileReference; lastKnownFileType = folder.assetcatalog; path = Assets.xcassets; sourceTree = "<group>"; };
		7464500A1EE02DFB00AB575B /* DataServices.swift */ = {isa = PBXFileReference; fileEncoding = 4; lastKnownFileType = sourcecode.swift; name = DataServices.swift; path = Services/DataServices.swift; sourceTree = "<group>"; };
		7464500C1EE02E1100AB575B /* Building.swift */ = {isa = PBXFileReference; fileEncoding = 4; lastKnownFileType = sourcecode.swift; name = Building.swift; path = Model/Building.swift; sourceTree = "<group>"; };
		7464500D1EE02E1100AB575B /* BuildingDataSource.swift */ = {isa = PBXFileReference; fileEncoding = 4; lastKnownFileType = sourcecode.swift; name = BuildingDataSource.swift; path = Model/BuildingDataSource.swift; sourceTree = "<group>"; };
		7464500E1EE02E1100AB575B /* Room.swift */ = {isa = PBXFileReference; fileEncoding = 4; lastKnownFileType = sourcecode.swift; name = Room.swift; path = Model/Room.swift; sourceTree = "<group>"; };
		746450141EE02E2300AB575B /* BuildingCell.swift */ = {isa = PBXFileReference; fileEncoding = 4; lastKnownFileType = sourcecode.swift; name = BuildingCell.swift; path = View/BuildingCell.swift; sourceTree = "<group>"; };
		746450151EE02E2300AB575B /* BuildingImageView.swift */ = {isa = PBXFileReference; fileEncoding = 4; lastKnownFileType = sourcecode.swift; name = BuildingImageView.swift; path = View/BuildingImageView.swift; sourceTree = "<group>"; };
		746450161EE02E2300AB575B /* CapacityLabelView.swift */ = {isa = PBXFileReference; fileEncoding = 4; lastKnownFileType = sourcecode.swift; name = CapacityLabelView.swift; path = View/CapacityLabelView.swift; sourceTree = "<group>"; };
		746450171EE02E2300AB575B /* RoomCell.swift */ = {isa = PBXFileReference; fileEncoding = 4; lastKnownFileType = sourcecode.swift; name = RoomCell.swift; path = View/RoomCell.swift; sourceTree = "<group>"; };
		746450181EE02E2300AB575B /* RoomCellView.swift */ = {isa = PBXFileReference; fileEncoding = 4; lastKnownFileType = sourcecode.swift; name = RoomCellView.swift; path = View/RoomCellView.swift; sourceTree = "<group>"; };
		746450191EE02E2300AB575B /* RoomTableCellView.swift */ = {isa = PBXFileReference; fileEncoding = 4; lastKnownFileType = sourcecode.swift; name = RoomTableCellView.swift; path = View/RoomTableCellView.swift; sourceTree = "<group>"; };
		7464501A1EE02E2300AB575B /* RoundView.swift */ = {isa = PBXFileReference; fileEncoding = 4; lastKnownFileType = sourcecode.swift; name = RoundView.swift; path = View/RoundView.swift; sourceTree = "<group>"; };
		7464501B1EE02E2300AB575B /* TableCellView.swift */ = {isa = PBXFileReference; fileEncoding = 4; lastKnownFileType = sourcecode.swift; name = TableCellView.swift; path = View/TableCellView.swift; sourceTree = "<group>"; };
		746450241EE02E3400AB575B /* RoomViewController.swift */ = {isa = PBXFileReference; fileEncoding = 4; lastKnownFileType = sourcecode.swift; name = RoomViewController.swift; path = Controller/RoomViewController.swift; sourceTree = "<group>"; };
		746450251EE02E3400AB575B /* ViewController.swift */ = {isa = PBXFileReference; fileEncoding = 4; lastKnownFileType = sourcecode.swift; name = ViewController.swift; path = Controller/ViewController.swift; sourceTree = "<group>"; };
		7F8F924C73B73B0412A47E26 /* Pods-PiRoom.debug.xcconfig */ = {isa = PBXFileReference; includeInIndex = 1; lastKnownFileType = text.xcconfig; name = "Pods-PiRoom.debug.xcconfig"; path = "Pods/Target Support Files/Pods-PiRoom/Pods-PiRoom.debug.xcconfig"; sourceTree = "<group>"; };
		9ADD81CA78F6F5EED871F62E /* Pods-PiRoom.release.xcconfig */ = {isa = PBXFileReference; includeInIndex = 1; lastKnownFileType = text.xcconfig; name = "Pods-PiRoom.release.xcconfig"; path = "Pods/Target Support Files/Pods-PiRoom/Pods-PiRoom.release.xcconfig"; sourceTree = "<group>"; };
/* End PBXFileReference section */

/* Begin PBXFrameworksBuildPhase section */
		4286B28E1EA8FCBD00916C9E /* Frameworks */ = {
			isa = PBXFrameworksBuildPhase;
			buildActionMask = 2147483647;
			files = (
				5C7424BEF767C42C6990D24D /* Pods_PiRoom.framework in Frameworks */,
			);
			runOnlyForDeploymentPostprocessing = 0;
		};
/* End PBXFrameworksBuildPhase section */

/* Begin PBXGroup section */
		40E0BCED649189A2BF6B177B /* Frameworks */ = {
			isa = PBXGroup;
			children = (
				07704FE4E6EC49B42619B25E /* Pods_PiRoom.framework */,
			);
			name = Frameworks;
			sourceTree = "<group>";
		};
		4286B2881EA8FCBD00916C9E = {
			isa = PBXGroup;
			children = (
				4286B2931EA8FCBD00916C9E /* PiRoom */,
				4286B2921EA8FCBD00916C9E /* Products */,
				8E44EE328574089164774FDC /* Pods */,
				40E0BCED649189A2BF6B177B /* Frameworks */,
			);
			sourceTree = "<group>";
		};
		4286B2921EA8FCBD00916C9E /* Products */ = {
			isa = PBXGroup;
			children = (
				4286B2911EA8FCBD00916C9E /* PiRoom.app */,
			);
			name = Products;
			sourceTree = "<group>";
		};
		4286B2931EA8FCBD00916C9E /* PiRoom */ = {
			isa = PBXGroup;
			children = (
				42F6A7E21EAFB03C008AE003 /* Services */,
				4286B2A81EA9030C00916C9E /* Model */,
				4286B2A91EA9031200916C9E /* View */,
				4286B2AA1EA9031700916C9E /* Controller */,
				4286B2941EA8FCBD00916C9E /* AppDelegate.swift */,
				4286B2981EA8FCBD00916C9E /* Main.storyboard */,
				4286B29D1EA8FCBD00916C9E /* LaunchScreen.storyboard */,
				744B95E81EE0C25300A06F42 /* Assets.xcassets */,
				4286B2A01EA8FCBD00916C9E /* Info.plist */,
				4225B7D21EB274060034BB28 /* GoogleService-Info.plist */,
			);
			path = PiRoom;
			sourceTree = "<group>";
		};
		4286B2A81EA9030C00916C9E /* Model */ = {
			isa = PBXGroup;
			children = (
				7464500C1EE02E1100AB575B /* Building.swift */,
				7464500D1EE02E1100AB575B /* BuildingDataSource.swift */,
				7464500E1EE02E1100AB575B /* Room.swift */,
			);
			name = Model;
			sourceTree = "<group>";
		};
		4286B2A91EA9031200916C9E /* View */ = {
			isa = PBXGroup;
			children = (
				746450141EE02E2300AB575B /* BuildingCell.swift */,
				746450151EE02E2300AB575B /* BuildingImageView.swift */,
				746450161EE02E2300AB575B /* CapacityLabelView.swift */,
				746450171EE02E2300AB575B /* RoomCell.swift */,
				746450181EE02E2300AB575B /* RoomCellView.swift */,
				746450191EE02E2300AB575B /* RoomTableCellView.swift */,
				7464501A1EE02E2300AB575B /* RoundView.swift */,
				7464501B1EE02E2300AB575B /* TableCellView.swift */,
			);
			name = View;
			sourceTree = "<group>";
		};
		4286B2AA1EA9031700916C9E /* Controller */ = {
			isa = PBXGroup;
			children = (
				746450241EE02E3400AB575B /* RoomViewController.swift */,
				746450251EE02E3400AB575B /* ViewController.swift */,
			);
			name = Controller;
			sourceTree = "<group>";
		};
		42F6A7E21EAFB03C008AE003 /* Services */ = {
			isa = PBXGroup;
			children = (
				7464500A1EE02DFB00AB575B /* DataServices.swift */,
			);
			name = Services;
			sourceTree = "<group>";
		};
		8E44EE328574089164774FDC /* Pods */ = {
			isa = PBXGroup;
			children = (
				7F8F924C73B73B0412A47E26 /* Pods-PiRoom.debug.xcconfig */,
				9ADD81CA78F6F5EED871F62E /* Pods-PiRoom.release.xcconfig */,
			);
			name = Pods;
			sourceTree = "<group>";
		};
/* End PBXGroup section */

/* Begin PBXNativeTarget section */
		4286B2901EA8FCBD00916C9E /* PiRoom */ = {
			isa = PBXNativeTarget;
			buildConfigurationList = 4286B2A31EA8FCBD00916C9E /* Build configuration list for PBXNativeTarget "PiRoom" */;
			buildPhases = (
				78DDFA02B006190BC3D6A33C /* [CP] Check Pods Manifest.lock */,
				4286B28D1EA8FCBD00916C9E /* Sources */,
				4286B28E1EA8FCBD00916C9E /* Frameworks */,
				4286B28F1EA8FCBD00916C9E /* Resources */,
				33025160E5B6E22952708D9B /* [CP] Embed Pods Frameworks */,
				4383CFB579BD0DB48A47A03E /* [CP] Copy Pods Resources */,
			);
			buildRules = (
			);
			dependencies = (
			);
			name = PiRoom;
			productName = PiRoom;
			productReference = 4286B2911EA8FCBD00916C9E /* PiRoom.app */;
			productType = "com.apple.product-type.application";
		};
/* End PBXNativeTarget section */

/* Begin PBXProject section */
		4286B2891EA8FCBD00916C9E /* Project object */ = {
			isa = PBXProject;
			attributes = {
				LastSwiftUpdateCheck = 0820;
				LastUpgradeCheck = 0820;
				ORGANIZATIONNAME = "O.B.E. Software & Development";
				TargetAttributes = {
					4286B2901EA8FCBD00916C9E = {
						CreatedOnToolsVersion = 8.2.1;
						DevelopmentTeam = MGRXZA9ZDS;
						ProvisioningStyle = Automatic;
					};
				};
			};
			buildConfigurationList = 4286B28C1EA8FCBD00916C9E /* Build configuration list for PBXProject "PiRoom" */;
			compatibilityVersion = "Xcode 3.2";
			developmentRegion = English;
			hasScannedForEncodings = 0;
			knownRegions = (
				en,
				Base,
			);
			mainGroup = 4286B2881EA8FCBD00916C9E;
			productRefGroup = 4286B2921EA8FCBD00916C9E /* Products */;
			projectDirPath = "";
			projectRoot = "";
			targets = (
				4286B2901EA8FCBD00916C9E /* PiRoom */,
			);
		};
/* End PBXProject section */

/* Begin PBXResourcesBuildPhase section */
		4286B28F1EA8FCBD00916C9E /* Resources */ = {
			isa = PBXResourcesBuildPhase;
			buildActionMask = 2147483647;
			files = (
				4286B29F1EA8FCBD00916C9E /* LaunchScreen.storyboard in Resources */,
				4225B7D31EB274060034BB28 /* GoogleService-Info.plist in Resources */,
				744B95E91EE0C25300A06F42 /* Assets.xcassets in Resources */,
				4286B29A1EA8FCBD00916C9E /* Main.storyboard in Resources */,
			);
			runOnlyForDeploymentPostprocessing = 0;
		};
/* End PBXResourcesBuildPhase section */

/* Begin PBXShellScriptBuildPhase section */
		33025160E5B6E22952708D9B /* [CP] Embed Pods Frameworks */ = {
			isa = PBXShellScriptBuildPhase;
			buildActionMask = 2147483647;
			files = (
			);
			inputPaths = (
			);
			name = "[CP] Embed Pods Frameworks";
			outputPaths = (
			);
			runOnlyForDeploymentPostprocessing = 0;
			shellPath = /bin/sh;
			shellScript = "\"${SRCROOT}/Pods/Target Support Files/Pods-PiRoom/Pods-PiRoom-frameworks.sh\"\n";
			showEnvVarsInLog = 0;
		};
		4383CFB579BD0DB48A47A03E /* [CP] Copy Pods Resources */ = {
			isa = PBXShellScriptBuildPhase;
			buildActionMask = 2147483647;
			files = (
			);
			inputPaths = (
			);
			name = "[CP] Copy Pods Resources";
			outputPaths = (
			);
			runOnlyForDeploymentPostprocessing = 0;
			shellPath = /bin/sh;
			shellScript = "\"${SRCROOT}/Pods/Target Support Files/Pods-PiRoom/Pods-PiRoom-resources.sh\"\n";
			showEnvVarsInLog = 0;
		};
		78DDFA02B006190BC3D6A33C /* [CP] Check Pods Manifest.lock */ = {
			isa = PBXShellScriptBuildPhase;
			buildActionMask = 2147483647;
			files = (
			);
			inputPaths = (
			);
			name = "[CP] Check Pods Manifest.lock";
			outputPaths = (
			);
			runOnlyForDeploymentPostprocessing = 0;
			shellPath = /bin/sh;
			shellScript = "diff \"${PODS_ROOT}/../Podfile.lock\" \"${PODS_ROOT}/Manifest.lock\" > /dev/null\nif [ $? != 0 ] ; then\n    # print error to STDERR\n    echo \"error: The sandbox is not in sync with the Podfile.lock. Run 'pod install' or update your CocoaPods installation.\" >&2\n    exit 1\nfi\n";
			showEnvVarsInLog = 0;
		};
/* End PBXShellScriptBuildPhase section */

/* Begin PBXSourcesBuildPhase section */
		4286B28D1EA8FCBD00916C9E /* Sources */ = {
			isa = PBXSourcesBuildPhase;
			buildActionMask = 2147483647;
			files = (
				746450111EE02E1100AB575B /* BuildingDataSource.swift in Sources */,
				7464501E1EE02E2300AB575B /* CapacityLabelView.swift in Sources */,
				746450211EE02E2300AB575B /* RoomTableCellView.swift in Sources */,
				746450261EE02E3400AB575B /* RoomViewController.swift in Sources */,
				7464500B1EE02DFB00AB575B /* DataServices.swift in Sources */,
				7464501C1EE02E2300AB575B /* BuildingCell.swift in Sources */,
				746450231EE02E2300AB575B /* TableCellView.swift in Sources */,
				746450101EE02E1100AB575B /* Building.swift in Sources */,
				4286B2951EA8FCBD00916C9E /* AppDelegate.swift in Sources */,
				7464501D1EE02E2300AB575B /* BuildingImageView.swift in Sources */,
				7464501F1EE02E2300AB575B /* RoomCell.swift in Sources */,
				746450221EE02E2300AB575B /* RoundView.swift in Sources */,
				746450121EE02E1100AB575B /* Room.swift in Sources */,
				746450271EE02E3400AB575B /* ViewController.swift in Sources */,
				746450201EE02E2300AB575B /* RoomCellView.swift in Sources */,
			);
			runOnlyForDeploymentPostprocessing = 0;
		};
/* End PBXSourcesBuildPhase section */

/* Begin PBXVariantGroup section */
		4286B2981EA8FCBD00916C9E /* Main.storyboard */ = {
			isa = PBXVariantGroup;
			children = (
				4286B2991EA8FCBD00916C9E /* Base */,
			);
			name = Main.storyboard;
			sourceTree = "<group>";
		};
		4286B29D1EA8FCBD00916C9E /* LaunchScreen.storyboard */ = {
			isa = PBXVariantGroup;
			children = (
				4286B29E1EA8FCBD00916C9E /* Base */,
			);
			name = LaunchScreen.storyboard;
			sourceTree = "<group>";
		};
/* End PBXVariantGroup section */

/* Begin XCBuildConfiguration section */
		4286B2A11EA8FCBD00916C9E /* Debug */ = {
			isa = XCBuildConfiguration;
			buildSettings = {
				ALWAYS_SEARCH_USER_PATHS = NO;
				CLANG_ANALYZER_NONNULL = YES;
				CLANG_CXX_LANGUAGE_STANDARD = "gnu++0x";
				CLANG_CXX_LIBRARY = "libc++";
				CLANG_ENABLE_MODULES = YES;
				CLANG_ENABLE_OBJC_ARC = YES;
				CLANG_WARN_BOOL_CONVERSION = YES;
				CLANG_WARN_CONSTANT_CONVERSION = YES;
				CLANG_WARN_DIRECT_OBJC_ISA_USAGE = YES_ERROR;
				CLANG_WARN_DOCUMENTATION_COMMENTS = YES;
				CLANG_WARN_EMPTY_BODY = YES;
				CLANG_WARN_ENUM_CONVERSION = YES;
				CLANG_WARN_INFINITE_RECURSION = YES;
				CLANG_WARN_INT_CONVERSION = YES;
				CLANG_WARN_OBJC_ROOT_CLASS = YES_ERROR;
				CLANG_WARN_SUSPICIOUS_MOVE = YES;
				CLANG_WARN_UNREACHABLE_CODE = YES;
				CLANG_WARN__DUPLICATE_METHOD_MATCH = YES;
				"CODE_SIGN_IDENTITY[sdk=iphoneos*]" = "iPhone Developer";
				COPY_PHASE_STRIP = NO;
				DEBUG_INFORMATION_FORMAT = dwarf;
				ENABLE_STRICT_OBJC_MSGSEND = YES;
				ENABLE_TESTABILITY = YES;
				GCC_C_LANGUAGE_STANDARD = gnu99;
				GCC_DYNAMIC_NO_PIC = NO;
				GCC_NO_COMMON_BLOCKS = YES;
				GCC_OPTIMIZATION_LEVEL = 0;
				GCC_PREPROCESSOR_DEFINITIONS = (
					"DEBUG=1",
					"$(inherited)",
				);
				GCC_WARN_64_TO_32_BIT_CONVERSION = YES;
				GCC_WARN_ABOUT_RETURN_TYPE = YES_ERROR;
				GCC_WARN_UNDECLARED_SELECTOR = YES;
				GCC_WARN_UNINITIALIZED_AUTOS = YES_AGGRESSIVE;
				GCC_WARN_UNUSED_FUNCTION = YES;
				GCC_WARN_UNUSED_VARIABLE = YES;
				IPHONEOS_DEPLOYMENT_TARGET = 10.2;
				MTL_ENABLE_DEBUG_INFO = YES;
				ONLY_ACTIVE_ARCH = YES;
				SDKROOT = iphoneos;
				SWIFT_ACTIVE_COMPILATION_CONDITIONS = DEBUG;
				SWIFT_OPTIMIZATION_LEVEL = "-Onone";
				TARGETED_DEVICE_FAMILY = "1,2";
			};
			name = Debug;
		};
		4286B2A21EA8FCBD00916C9E /* Release */ = {
			isa = XCBuildConfiguration;
			buildSettings = {
				ALWAYS_SEARCH_USER_PATHS = NO;
				CLANG_ANALYZER_NONNULL = YES;
				CLANG_CXX_LANGUAGE_STANDARD = "gnu++0x";
				CLANG_CXX_LIBRARY = "libc++";
				CLANG_ENABLE_MODULES = YES;
				CLANG_ENABLE_OBJC_ARC = YES;
				CLANG_WARN_BOOL_CONVERSION = YES;
				CLANG_WARN_CONSTANT_CONVERSION = YES;
				CLANG_WARN_DIRECT_OBJC_ISA_USAGE = YES_ERROR;
				CLANG_WARN_DOCUMENTATION_COMMENTS = YES;
				CLANG_WARN_EMPTY_BODY = YES;
				CLANG_WARN_ENUM_CONVERSION = YES;
				CLANG_WARN_INFINITE_RECURSION = YES;
				CLANG_WARN_INT_CONVERSION = YES;
				CLANG_WARN_OBJC_ROOT_CLASS = YES_ERROR;
				CLANG_WARN_SUSPICIOUS_MOVE = YES;
				CLANG_WARN_UNREACHABLE_CODE = YES;
				CLANG_WARN__DUPLICATE_METHOD_MATCH = YES;
				"CODE_SIGN_IDENTITY[sdk=iphoneos*]" = "iPhone Developer";
				COPY_PHASE_STRIP = NO;
				DEBUG_INFORMATION_FORMAT = "dwarf-with-dsym";
				ENABLE_NS_ASSERTIONS = NO;
				ENABLE_STRICT_OBJC_MSGSEND = YES;
				GCC_C_LANGUAGE_STANDARD = gnu99;
				GCC_NO_COMMON_BLOCKS = YES;
				GCC_WARN_64_TO_32_BIT_CONVERSION = YES;
				GCC_WARN_ABOUT_RETURN_TYPE = YES_ERROR;
				GCC_WARN_UNDECLARED_SELECTOR = YES;
				GCC_WARN_UNINITIALIZED_AUTOS = YES_AGGRESSIVE;
				GCC_WARN_UNUSED_FUNCTION = YES;
				GCC_WARN_UNUSED_VARIABLE = YES;
				IPHONEOS_DEPLOYMENT_TARGET = 10.2;
				MTL_ENABLE_DEBUG_INFO = NO;
				SDKROOT = iphoneos;
				SWIFT_OPTIMIZATION_LEVEL = "-Owholemodule";
				TARGETED_DEVICE_FAMILY = "1,2";
				VALIDATE_PRODUCT = YES;
			};
			name = Release;
		};
		4286B2A41EA8FCBD00916C9E /* Debug */ = {
			isa = XCBuildConfiguration;
			baseConfigurationReference = 7F8F924C73B73B0412A47E26 /* Pods-PiRoom.debug.xcconfig */;
			buildSettings = {
				ASSETCATALOG_COMPILER_APPICON_NAME = AppIcon;
				DEVELOPMENT_TEAM = MGRXZA9ZDS;
				INFOPLIST_FILE = PiRoom/Info.plist;
				LD_RUNPATH_SEARCH_PATHS = "$(inherited) @executable_path/Frameworks";
				PRODUCT_BUNDLE_IDENTIFIER = com.obe.PiRoom;
				PRODUCT_NAME = "$(TARGET_NAME)";
				SWIFT_VERSION = 3.0;
			};
			name = Debug;
		};
		4286B2A51EA8FCBD00916C9E /* Release */ = {
			isa = XCBuildConfiguration;
			baseConfigurationReference = 9ADD81CA78F6F5EED871F62E /* Pods-PiRoom.release.xcconfig */;
			buildSettings = {
				ASSETCATALOG_COMPILER_APPICON_NAME = AppIcon;
				DEVELOPMENT_TEAM = MGRXZA9ZDS;
				INFOPLIST_FILE = PiRoom/Info.plist;
				LD_RUNPATH_SEARCH_PATHS = "$(inherited) @executable_path/Frameworks";
				PRODUCT_BUNDLE_IDENTIFIER = com.obe.PiRoom;
				PRODUCT_NAME = "$(TARGET_NAME)";
				SWIFT_VERSION = 3.0;
			};
			name = Release;
		};
/* End XCBuildConfiguration section */

/* Begin XCConfigurationList section */
		4286B28C1EA8FCBD00916C9E /* Build configuration list for PBXProject "PiRoom" */ = {
			isa = XCConfigurationList;
			buildConfigurations = (
				4286B2A11EA8FCBD00916C9E /* Debug */,
				4286B2A21EA8FCBD00916C9E /* Release */,
			);
			defaultConfigurationIsVisible = 0;
			defaultConfigurationName = Release;
		};
		4286B2A31EA8FCBD00916C9E /* Build configuration list for PBXNativeTarget "PiRoom" */ = {
			isa = XCConfigurationList;
			buildConfigurations = (
				4286B2A41EA8FCBD00916C9E /* Debug */,
				4286B2A51EA8FCBD00916C9E /* Release */,
			);
			defaultConfigurationIsVisible = 0;
			defaultConfigurationName = Release;
		};
/* End XCConfigurationList section */
	};
	rootObject = 4286B2891EA8FCBD00916C9E /* Project object */;
}
